[root]
name = "todomvc"
version = "0.0.1"
dependencies = [
 "libc 0.1.3 (registry+https://github.com/rust-lang/crates.io-index)",
 "rust-mustache 0.3.0",
 "rustc-serialize 0.3.1 (registry+https://github.com/rust-lang/crates.io-index)",
 "webplatform 0.2.0 (registry+https://github.com/rust-lang/crates.io-index)",
 "webplatform-url 0.2.27",
]

[[package]]
name = "libc"
version = "0.1.3"
source = "registry+https://github.com/rust-lang/crates.io-index"

[[package]]
name = "log"
version = "0.3.2"
source = "registry+https://github.com/rust-lang/crates.io-index"
dependencies = [
 "libc 0.1.3 (registry+https://github.com/rust-lang/crates.io-index)",
]

[[package]]
name = "matches"
version = "0.1.2"
source = "registry+https://github.com/rust-lang/crates.io-index"

[[package]]
name = "rust-mustache"
version = "0.3.0"
dependencies = [
 "log 0.3.2 (registry+https://github.com/rust-lang/crates.io-index)",
 "rustc-serialize 0.3.1 (registry+https://github.com/rust-lang/crates.io-index)",
]

[[package]]
name = "rustc-serialize"
version = "0.3.1"
source = "registry+https://github.com/rust-lang/crates.io-index"

[[package]]
name = "webplatform"
version = "0.2.0"
source = "registry+https://github.com/rust-lang/crates.io-index"
dependencies = [
 "libc 0.1.3 (registry+https://github.com/rust-lang/crates.io-index)",
 "webplatform_concat_bytes 0.0.1 (registry+https://github.com/rust-lang/crates.io-index)",
]

[[package]]
name = "webplatform-url"
version = "0.2.27"
dependencies = [
 "matches 0.1.2 (registry+https://github.com/rust-lang/crates.io-index)",
 "rustc-serialize 0.3.1 (registry+https://github.com/rust-lang/crates.io-index)",
]

[[package]]
name = "webplatform_concat_bytes"
version = "0.0.1"
source = "registry+https://github.com/rust-lang/crates.io-index"

